# THIS IS AN AUTOGENERATED FILE. DO NOT EDIT THIS FILE DIRECTLY.
# yarn lockfile v1


"@portabletext/react@^1.0.4":
  version "1.0.4"
  resolved "https://registry.yarnpkg.com/@portabletext/react/-/react-1.0.4.tgz#66438272da11b5543e95425804efee57e7cb7b49"
  integrity sha512-IaCt83hJTR1foeD8FsMJmGnBawuD4IAaRQqilTElIgBzdsuW79h14D4REso8xY0Fdt+T+h+W+n/AnAS8QT/ZQQ==
  dependencies:
    "@portabletext/toolkit" "^1.0.5"
    "@portabletext/types" "^1.0.3"

"@portabletext/toolkit@^1.0.5":
  version "1.0.5"
  resolved "https://registry.yarnpkg.com/@portabletext/toolkit/-/toolkit-1.0.5.tgz#2bbcc527a6dd1f6594fb538ff9670a9958147197"
  integrity sha512-kwVOfVoquufDQNmzzhGxji9A+/T+dhLKKOHEHldM1kMUoNzY6wwrt5H/Plnw4xbdE780kkwqJqHxjxoSYr706A==
  dependencies:
    "@portabletext/types" "^1.0.3"

"@portabletext/types@^1.0.3":
  version "1.0.3"
  resolved "https://registry.yarnpkg.com/@portabletext/types/-/types-1.0.3.tgz#b23f832ae5331c1d864195a95eba34abf340597e"
  integrity sha512-SDDsdury2SaTI2D5Ea6o+Y39SSZMYHRMWJHxkxYl3yzFP0n/0EknOhoXcoaV+bxGr2dTTqZi2TOEj+uWYuavSw==

"@sanity/block-content-to-hyperscript@^2.0.10":
  version "2.0.10"
  resolved "https://registry.yarnpkg.com/@sanity/block-content-to-hyperscript/-/block-content-to-hyperscript-2.0.10.tgz#9cf805c5d2341d043bcab8b3740c9b3466b5ae6b"
  integrity sha512-xT3iEmZkK0fvO5PDFpn9GMWGfvOopvbrRCBU48XxpFoTxRrfsHhxbRy8J0eND1HGXHUENkIKv5jbohtGd1MiVg==
  dependencies:
    "@sanity/generate-help-url" "^0.140.0"
    "@sanity/image-url" "^0.140.15"
    hyperscript "^2.0.2"
    object-assign "^4.1.1"

"@sanity/block-content-to-react@^2.0.0":
  version "2.0.7"
  resolved "https://registry.yarnpkg.com/@sanity/block-content-to-react/-/block-content-to-react-2.0.7.tgz#6e257b5ab59ebe406005032eea586391d963eb93"
  integrity sha512-oSriTf/3Ihnxp6AjEGiVjNPA2Iq/IFaWg4Frn5msGq5GT8N1kwLwxduig1OSn87UA15LNwiai9LAJwBR2k9lIg==
  dependencies:
    "@sanity/block-content-to-hyperscript" "^2.0.10"
    prop-types "^15.6.2"

"@sanity/generate-help-url@^0.140.0":
  version "0.140.0"
  resolved "https://registry.yarnpkg.com/@sanity/generate-help-url/-/generate-help-url-0.140.0.tgz#f60ab75be5fdc346b9f0d1c2a0858aa3c2870109"
  integrity sha512-H/G/WA9S22TXcXST52CIiTsHx3S2hH0gvK7LnI5w76vfKS0obnDPh8jrPg4xeNRYGPuV9MHYRlyERGpRGoo4Qw==

"@sanity/image-url@^0.140.15":
  version "0.140.22"
  resolved "https://registry.yarnpkg.com/@sanity/image-url/-/image-url-0.140.22.tgz#7a65f56bb751f7b1c5dfacfadd34ee10fc4f0fde"
  integrity sha512-CAmQZnj+KM7FSEYiWlIGDit072syicYuAw0w7R2ctMzHiZ4p9mE/g6dBnYqrqFUrw2J+GpJgPt+RVspKP8vdqA==

browser-split@0.0.0:
  version "0.0.0"
  resolved "https://registry.yarnpkg.com/browser-split/-/browser-split-0.0.0.tgz#41419caef769755929dd518967d3eec0a6262771"
  integrity sha1-QUGcrvdpdVkp3VGJZ9PuwKYmJ3E=

class-list@~0.1.0, class-list@~0.1.1:
  version "0.1.1"
  resolved "https://registry.yarnpkg.com/class-list/-/class-list-0.1.1.tgz#9b9745192c4179b5da0a0d7633658e3c70d796cb"
  integrity sha1-m5dFGSxBebXaCg12M2WOPHDXlss=
  dependencies:
    indexof "0.0.1"

html-element@^2.0.0:
  version "2.3.1"
  resolved "https://registry.yarnpkg.com/html-element/-/html-element-2.3.1.tgz#5feb23dd5226467ef8c2faec51a5bf29c4ef5440"
  integrity sha512-xnFt2ZkbFcjc+JoAtg3Hl89VeEZDjododu4VCPkRvFmBTHHA9U1Nt6hLUWfW2O+6Sl/rT1hHK/PivleX3PdBJQ==
  dependencies:
    class-list "~0.1.1"

hyperscript@^2.0.2:
  version "2.0.2"
  resolved "https://registry.yarnpkg.com/hyperscript/-/hyperscript-2.0.2.tgz#3839cba45554bdfe27bb81c2142d1684f8135af5"
  integrity sha1-ODnLpFVUvf4nu4HCFC0WhPgTWvU=
  dependencies:
    browser-split "0.0.0"
    class-list "~0.1.0"
    html-element "^2.0.0"

indexof@0.0.1:
  version "0.0.1"
  resolved "https://registry.yarnpkg.com/indexof/-/indexof-0.0.1.tgz#82dc336d232b9062179d05ab3293a66059fd435d"
  integrity sha1-gtwzbSMrkGIXnQWrMpOmYFn9Q10=

"js-tokens@^3.0.0 || ^4.0.0":
  version "4.0.0"
  resolved "https://registry.yarnpkg.com/js-tokens/-/js-tokens-4.0.0.tgz#19203fb59991df98e3a287050d4647cdeaf32499"
  integrity sha512-RdJUflcE3cUzKiMqQgsCu06FPu9UdIJO0beYbPhHN4k6apgJtifcoCtT9bcxOpYBtpD2kCM6Sbzg4CausW/PKQ==

loose-envify@^1.4.0:
  version "1.4.0"
  resolved "https://registry.yarnpkg.com/loose-envify/-/loose-envify-1.4.0.tgz#71ee51fa7be4caec1a63839f7e682d8132d30caf"
  integrity sha512-lyuxPGr/Wfhrlem2CL/UcnUc1zcqKAImBDzukY7Y5F/yQiNdko6+fRLevlw1HgMySw7f611UIY408EtxRSoK3Q==
  dependencies:
    js-tokens "^3.0.0 || ^4.0.0"

object-assign@^4.1.1:
  version "4.1.1"
  resolved "https://registry.yarnpkg.com/object-assign/-/object-assign-4.1.1.tgz#2109adc7965887cfc05cbbd442cac8bfbb360863"
  integrity sha1-IQmtx5ZYh8/AXLvUQsrIv7s2CGM=

prop-types@^15.6.2:
  version "15.8.1"
  resolved "https://registry.yarnpkg.com/prop-types/-/prop-types-15.8.1.tgz#67d87bf1a694f48435cf332c24af10214a3140b5"
  integrity sha512-oj87CgZICdulUohogVAR7AjlC0327U4el4L6eAvOqCeudMDVU0NThNaV+b9Df4dXgSP1gXMTnPdhfe/2qDH5cg==
  dependencies:
    loose-envify "^1.4.0"
    object-assign "^4.1.1"
    react-is "^16.13.1"

react-hook-form@6.9.4-beta.1:
  version "6.9.4-beta.1"
  resolved "https://registry.yarnpkg.com/react-hook-form/-/react-hook-form-6.9.4-beta.1.tgz#a31c2c2fc49bccfe66a61327f7cf0d2770daaf83"
  integrity sha512-9CYkADTutV8f6BaygB5EvIJ3H/9WBEbO+yl6c7Yp73AJ44blek+i04ktjtDKqCtdALivGmXn8cFn/k0w/mj7AQ==

react-is@^16.13.1:
  version "16.13.1"
  resolved "https://registry.yarnpkg.com/react-is/-/react-is-16.13.1.tgz#789729a4dc36de2999dc156dd6c1d9c18cea56a4"
  integrity sha512-24e6ynE2H+OKt4kqsOvNd8kBpV65zoxbA4BVsEOB3ARVWQki/DHzaUoC5KuON/BiccDaCCTZBuOcfZs70kR8bQ==

react-portable-text@^0.4.3:
  version "0.4.3"
  resolved "https://registry.yarnpkg.com/react-portable-text/-/react-portable-text-0.4.3.tgz#d2794a5db9c0bb18e72949fec1c91781fda35508"
  integrity sha512-r//xYac1Bf5GMk3eKZiDpoRtt0N/W6kEAkI+zw148JGAdr2IW9MvhT/giOYop0KCuiyECry1yonhomFFbHeMAw==
  dependencies:
    "@sanity/block-content-to-react" "^2.0.0"
